
Microsoft Visual Studio Solution File, Format Version 12.00
# Visual Studio 14
VisualStudioVersion = 14.0.25420.1
MinimumVisualStudioVersion = 10.0.40219.1
Project("{FAE04EC0-301F-11D3-BF4B-00C04F79EFBC}") = "GUI", "GUI\GUI.csproj", "{1C217CC4-764A-4088-88EB-B260623AD567}"
EndProject
Project("{FAE04EC0-301F-11D3-BF4B-00C04F79EFBC}") = "DAO", "DAO\DAO.csproj", "{00C5EBE1-5524-477D-8791-77BD265EBD0C}"
EndProject
Project("{FAE04EC0-301F-11D3-BF4B-00C04F79EFBC}") = "BUS", "BUS\BUS.csproj", "{C99B9C7E-4CE6-4204-9C5A-8C7B6129BD72}"
EndProject
Project("{FAE04EC0-301F-11D3-BF4B-00C04F79EFBC}") = "DTO", "DTO\DTO.csproj", "{D8D4E321-49E2-4BA1-862B-075DC7BE8D0F}"
EndProject
Global
	GlobalSection(SolutionConfigurationPlatforms) = preSolution
		Debug|Any CPU = Debug|Any CPU
		Release|Any CPU = Release|Any CPU
	EndGlobalSection
	GlobalSection(ProjectConfigurationPlatforms) = postSolution
		{1C217CC4-764A-4088-88EB-B260623AD567}.Debug|Any CPU.ActiveCfg = Debug|Any CPU
		{1C217CC4-764A-4088-88EB-B260623AD567}.Debug|Any CPU.Build.0 = Debug|Any CPU
		{1C217CC4-764A-4088-88EB-B260623AD567}.Release|Any CPU.ActiveCfg = Release|Any CPU
		{1C217CC4-764A-4088-88EB-B260623AD567}.Release|Any CPU.Build.0 = Release|Any CPU
		{00C5EBE1-5524-477D-8791-77BD265EBD0C}.Debug|Any CPU.ActiveCfg = Debug|Any CPU
		{00C5EBE1-5524-477D-8791-77BD265EBD0C}.Debug|Any CPU.Build.0 = Debug|Any CPU
		{00C5EBE1-5524-477D-8791-77BD265EBD0C}.Release|Any CPU.ActiveCfg = Release|Any CPU
		{00C5EBE1-5524-477D-8791-77BD265EBD0C}.Release|Any CPU.Build.0 = Release|Any CPU
		{C99B9C7E-4CE6-4204-9C5A-8C7B6129BD72}.Debug|Any CPU.ActiveCfg = Debug|Any CPU
		{C99B9C7E-4CE6-4204-9C5A-8C7B6129BD72}.Debug|Any CPU.Build.0 = Debug|Any CPU
		{C99B9C7E-4CE6-4204-9C5A-8C7B6129BD72}.Release|Any CPU.ActiveCfg = Release|Any CPU
		{C99B9C7E-4CE6-4204-9C5A-8C7B6129BD72}.Release|Any CPU.Build.0 = Release|Any CPU
		{D8D4E321-49E2-4BA1-862B-075DC7BE8D0F}.Debug|Any CPU.ActiveCfg = Debug|Any CPU
		{D8D4E321-49E2-4BA1-862B-075DC7BE8D0F}.Debug|Any CPU.Build.0 = Debug|Any CPU
		{D8D4E321-49E2-4BA1-862B-075DC7BE8D0F}.Release|Any CPU.ActiveCfg = Release|Any CPU
		{D8D4E321-49E2-4BA1-862B-075DC7BE8D0F}.Release|Any CPU.Build.0 = Release|Any CPU
	EndGlobalSection
	GlobalSection(SolutionProperties) = preSolution
		HideSolutionNode = FALSE
	EndGlobalSection
EndGlobal
